<?xml version="1.0" encoding="utf-8"?>
<Project ToolsVersion="4.0" xmlns="http://schemas.microsoft.com/developer/msbuild/2003">
  <ItemGroup>
    <ClInclude Include="DataSets.hpp">
      <Filter>Header Files</Filter>
    </ClInclude>
    <ClInclude Include="Formatter.hpp">
      <Filter>Header Files</Filter>
    </ClInclude>
    <ClInclude Include="Instruction.hpp">
      <Filter>Header Files</Filter>
    </ClInclude>
    <ClInclude Include="Lexer.hpp">
      <Filter>Header Files</Filter>
    </ClInclude>
    <ClInclude Include="Logger.hpp">
      <Filter>Header Files</Filter>
    </ClInclude>
    <ClInclude Include="Token.hpp">
      <Filter>Header Files</Filter>
    </ClInclude>
    <ClInclude Include="Tools.hpp">
      <Filter>Header Files</Filter>
    </ClInclude>
    <ClInclude Include="Translator.hpp">
      <Filter>Header Files</Filter>
    </ClInclude>
  </ItemGroup>
  <ItemGroup>
    <None Include="..\..\..\..\Documents\lpnu\bofc\DeComp\1\DeComp.prg">
      <Filter>Resource Files</Filter>
    </None>
    <None Include="demo.dcl">
      <Filter>Resource Files</Filter>
    </None>
    <None Include="target">
      <Filter>Resource Files</Filter>
    </None>
  </ItemGroup>
  <ItemGroup>
    <Filter Include="Source Files">
      <UniqueIdentifier>{c58b3010-3e37-426f-a50a-24f3eae1ea31}</UniqueIdentifier>
    </Filter>
    <Filter Include="Header Files">
      <UniqueIdentifier>{ecd52897-7131-42e9-851d-6d74fe68b20c}</UniqueIdentifier>
    </Filter>
    <Filter Include="Resource Files">
      <UniqueIdentifier>{ccff6b8a-225d-4195-ae20-c786bdb08706}</UniqueIdentifier>
    </Filter>
  </ItemGroup>
  <ItemGroup>
    <ClCompile Include="main.cpp">
      <Filter>Source Files</Filter>
    </ClCompile>
  </ItemGroup>
</Project>